
Microsoft Visual Studio Solution File, Format Version 12.00
# Visual Studio Version 17
VisualStudioVersion = 17.3.32929.385
MinimumVisualStudioVersion = 10.0.40219.1
Project("{FAE04EC0-301F-11D3-BF4B-00C04F79EFBC}") = "HomeWork24", "HomeWork24\HomeWork24.csproj", "{EAC4F29C-7D2A-4082-B3E3-0DCACA42D51A}"
EndProject
Global
	GlobalSection(SolutionConfigurationPlatforms) = preSolution
		Debug|Any CPU = Debug|Any CPU
		Release|Any CPU = Release|Any CPU
	EndGlobalSection
	GlobalSection(ProjectConfigurationPlatforms) = postSolution
		{EAC4F29C-7D2A-4082-B3E3-0DCACA42D51A}.Debug|Any CPU.ActiveCfg = Debug|Any CPU
		{EAC4F29C-7D2A-4082-B3E3-0DCACA42D51A}.Debug|Any CPU.Build.0 = Debug|Any CPU
		{EAC4F29C-7D2A-4082-B3E3-0DCACA42D51A}.Release|Any CPU.ActiveCfg = Release|Any CPU
		{EAC4F29C-7D2A-4082-B3E3-0DCACA42D51A}.Release|Any CPU.Build.0 = Release|Any CPU
	EndGlobalSection
	GlobalSection(SolutionProperties) = preSolution
		HideSolutionNode = FALSE
	EndGlobalSection
	GlobalSection(ExtensibilityGlobals) = postSolution
		SolutionGuid = {AEB44E92-C4CC-46C8-9AE3-89C18E0D8E16}
	EndGlobalSection
EndGlobal
